PODS:
  - AFNetworking/Serialization (3.1.0)
  - AnimatedGIFImageSerialization (0.2.0)
  - Expecta (0.3.1)
  - Expecta+Snapshots (1.2.1):
    - Expecta
    - FBSnapshotTestCase
  - FBSnapshotTestCase (1.1)
  - Giphy-iOS (0.1.1):
    - AFNetworking/Serialization (~> 3.1.0)
  - Specta (0.2.1)

DEPENDENCIES:
  - AFNetworking/Serialization (~> 3.1.0)
  - AnimatedGIFImageSerialization (~> 0.2.0)
  - Expecta
  - Expecta+Snapshots
  - FBSnapshotTestCase
  - Giphy-iOS (from `../`)
  - Specta (~> 0.2.1)

EXTERNAL SOURCES:
  Giphy-iOS:
    :path: "../"

SPEC CHECKSUMS:
  AFNetworking: 5e0e199f73d8626b11e79750991f5d173d1f8b67
  AnimatedGIFImageSerialization: b0f0cfe71eac1ee45a3d57ae533c23b8e6f29501
  Expecta: a354d4633409dd9fe8c4f5ff5130426adbe31628
  Expecta+Snapshots: d5efa75539358f4e7210fe05d6e2bf0aae985195
  FBSnapshotTestCase: 1072516c650a797bf4469b987f85196956e3cc08
  Giphy-iOS: 3851687b8fb2e64a53a81c1cad4249104df3b801
  Specta: 15a276a6343867b426d5ed135d5aa4d04123a573

COCOAPODS: 0.39.0
